
Microsoft Visual Studio Solution File, Format Version 12.00
# Visual Studio Version 17
VisualStudioVersion = 17.14.36518.9
MinimumVisualStudioVersion = 10.0.40219.1
Project("{2150E333-8FDC-42A3-9474-1A3956D46DE8}") = "Task0", "Task0", "{02EA681E-C7D8-13C7-8484-4AC65E1B71E8}"
EndProject
Project("{FAE04EC0-301F-11D3-BF4B-00C04F79EFBC}") = "Tyuiu.KilikaevRV.Sprint5.Task0.V5.Lib", "Tyuiu.KilikaevRV.Sprint5.Task0.V5.Lib\Tyuiu.KilikaevRV.Sprint5.Task0.V5.Lib.csproj", "{76AE7BA4-B842-4F76-AEDB-3647465ADB99}"
EndProject
Project("{FAE04EC0-301F-11D3-BF4B-00C04F79EFBC}") = "Tyuiu.KilikaevRV.Sprint5.Task0.V5.Test", "Tyuiu.KilikaevRV.Sprint5.Task0.V5.Test\Tyuiu.KilikaevRV.Sprint5.Task0.V5.Test.csproj", "{D3745334-38FD-4932-A3E9-8861F581B7D9}"
EndProject
Project("{FAE04EC0-301F-11D3-BF4B-00C04F79EFBC}") = "Tyuiu.KilikaevRV.Sprint5.Task0.V5", "Tyuiu.KilikaevRV.Sprint5.Task0.V5\Tyuiu.KilikaevRV.Sprint5.Task0.V5.csproj", "{BE8E6C88-4AD8-4F90-BDB9-41B0EB1D8324}"
EndProject
Project("{2150E333-8FDC-42A3-9474-1A3956D46DE8}") = "Task1", "Task1", "{8CA07110-02EB-4871-B68D-4F6E7F2D45A3}"
EndProject
Project("{FAE04EC0-301F-11D3-BF4B-00C04F79EFBC}") = "Tyuiu.KilikaevRV.Sprint5.Task1.V12", "Tyuiu.KilikaevRV.Sprint5.Task1.V12\Tyuiu.KilikaevRV.Sprint5.Task1.V12.csproj", "{8EBB9E29-0648-41C4-946E-F0032F9CA124}"
EndProject
Project("{FAE04EC0-301F-11D3-BF4B-00C04F79EFBC}") = "Tyuiu.KilikaevRV.Sprint5.Task1.V12.Test", "Tyuiu.KilikaevRV.Sprint5.Task1.V12.Test\Tyuiu.KilikaevRV.Sprint5.Task1.V12.Test.csproj", "{EBC1A5F8-117E-4658-829D-256F28957055}"
EndProject
Project("{FAE04EC0-301F-11D3-BF4B-00C04F79EFBC}") = "Tyuiu.KilikaevRV.Sprint5.Task1.V12.Lib", "Tyuiu.KilikaevRV.Sprint5.Task1.V12.Lib\Tyuiu.KilikaevRV.Sprint5.Task1.V12.Lib.csproj", "{06264C9A-BD99-4380-839A-44D3223B5DD6}"
EndProject
Project("{2150E333-8FDC-42A3-9474-1A3956D46DE8}") = "Task2", "Task2", "{91C8716B-FA69-4A13-B84C-563D5A41FB41}"
EndProject
Project("{FAE04EC0-301F-11D3-BF4B-00C04F79EFBC}") = "Tyuiu.KilikaevRV.Sprint5.Task2.V2.Lib", "Tyuiu.KilikaevRV.Sprint5.Task2.V2.Lib\Tyuiu.KilikaevRV.Sprint5.Task2.V2.Lib.csproj", "{322AFDFC-3B7D-4862-AB89-BB7C7D477FD6}"
EndProject
Project("{FAE04EC0-301F-11D3-BF4B-00C04F79EFBC}") = "Tyuiu.KilikaevRV.Sprint5.Task2.V2.Test", "Tyuiu.KilikaevRV.Sprint5.Task2.V2.Test\Tyuiu.KilikaevRV.Sprint5.Task2.V2.Test.csproj", "{95AE648A-F239-41D9-A93C-5FBA0C3048AF}"
EndProject
Project("{FAE04EC0-301F-11D3-BF4B-00C04F79EFBC}") = "Tyuiu.KilikaevRV.Sprint5.Task2.V2", "Tyuiu.KilikaevRV.Sprint5.Task2.V2\Tyuiu.KilikaevRV.Sprint5.Task2.V2.csproj", "{EABC342D-5E54-43DB-A0EC-3060B6D285D3}"
EndProject
Project("{2150E333-8FDC-42A3-9474-1A3956D46DE8}") = "Task3", "Task3", "{EAD51394-69D5-494A-8159-B85678E54D1F}"
EndProject
Project("{FAE04EC0-301F-11D3-BF4B-00C04F79EFBC}") = "Tyuiu.KilikaevRV.Sprint5.Task3.V20", "Tyuiu.KilikaevRV.Sprint5.Task3.V20\Tyuiu.KilikaevRV.Sprint5.Task3.V20.csproj", "{F1BEB1A7-850E-4B63-BF93-24AF2B7FDBD7}"
EndProject
Project("{FAE04EC0-301F-11D3-BF4B-00C04F79EFBC}") = "Tyuiu.KilikaevRV.Sprint5.Task3.V20.Test", "Tyuiu.KilikaevRV.Sprint5.Task3.V20.Test\Tyuiu.KilikaevRV.Sprint5.Task3.V20.Test.csproj", "{09E98D05-B1BF-47BF-8253-C08BCB4C761E}"
EndProject
Project("{FAE04EC0-301F-11D3-BF4B-00C04F79EFBC}") = "Tyuiu.KilikaevRV.Sprint5.Task3.V20.Lib", "Tyuiu.KilikaevRV.Sprint5.Task3.V20.Lib\Tyuiu.KilikaevRV.Sprint5.Task3.V20.Lib.csproj", "{C192D7C4-907E-429C-8621-0F69A59BCC78}"
EndProject
Global
	GlobalSection(SolutionConfigurationPlatforms) = preSolution
		Debug|Any CPU = Debug|Any CPU
		Release|Any CPU = Release|Any CPU
	EndGlobalSection
	GlobalSection(ProjectConfigurationPlatforms) = postSolution
		{76AE7BA4-B842-4F76-AEDB-3647465ADB99}.Debug|Any CPU.ActiveCfg = Debug|Any CPU
		{76AE7BA4-B842-4F76-AEDB-3647465ADB99}.Debug|Any CPU.Build.0 = Debug|Any CPU
		{76AE7BA4-B842-4F76-AEDB-3647465ADB99}.Release|Any CPU.ActiveCfg = Release|Any CPU
		{76AE7BA4-B842-4F76-AEDB-3647465ADB99}.Release|Any CPU.Build.0 = Release|Any CPU
		{D3745334-38FD-4932-A3E9-8861F581B7D9}.Debug|Any CPU.ActiveCfg = Debug|Any CPU
		{D3745334-38FD-4932-A3E9-8861F581B7D9}.Debug|Any CPU.Build.0 = Debug|Any CPU
		{D3745334-38FD-4932-A3E9-8861F581B7D9}.Release|Any CPU.ActiveCfg = Release|Any CPU
		{D3745334-38FD-4932-A3E9-8861F581B7D9}.Release|Any CPU.Build.0 = Release|Any CPU
		{BE8E6C88-4AD8-4F90-BDB9-41B0EB1D8324}.Debug|Any CPU.ActiveCfg = Debug|Any CPU
		{BE8E6C88-4AD8-4F90-BDB9-41B0EB1D8324}.Debug|Any CPU.Build.0 = Debug|Any CPU
		{BE8E6C88-4AD8-4F90-BDB9-41B0EB1D8324}.Release|Any CPU.ActiveCfg = Release|Any CPU
		{BE8E6C88-4AD8-4F90-BDB9-41B0EB1D8324}.Release|Any CPU.Build.0 = Release|Any CPU
		{8EBB9E29-0648-41C4-946E-F0032F9CA124}.Debug|Any CPU.ActiveCfg = Debug|Any CPU
		{8EBB9E29-0648-41C4-946E-F0032F9CA124}.Debug|Any CPU.Build.0 = Debug|Any CPU
		{8EBB9E29-0648-41C4-946E-F0032F9CA124}.Release|Any CPU.ActiveCfg = Release|Any CPU
		{8EBB9E29-0648-41C4-946E-F0032F9CA124}.Release|Any CPU.Build.0 = Release|Any CPU
		{EBC1A5F8-117E-4658-829D-256F28957055}.Debug|Any CPU.ActiveCfg = Debug|Any CPU
		{EBC1A5F8-117E-4658-829D-256F28957055}.Debug|Any CPU.Build.0 = Debug|Any CPU
		{EBC1A5F8-117E-4658-829D-256F28957055}.Release|Any CPU.ActiveCfg = Release|Any CPU
		{EBC1A5F8-117E-4658-829D-256F28957055}.Release|Any CPU.Build.0 = Release|Any CPU
		{06264C9A-BD99-4380-839A-44D3223B5DD6}.Debug|Any CPU.ActiveCfg = Debug|Any CPU
		{06264C9A-BD99-4380-839A-44D3223B5DD6}.Debug|Any CPU.Build.0 = Debug|Any CPU
		{06264C9A-BD99-4380-839A-44D3223B5DD6}.Release|Any CPU.ActiveCfg = Release|Any CPU
		{06264C9A-BD99-4380-839A-44D3223B5DD6}.Release|Any CPU.Build.0 = Release|Any CPU
		{322AFDFC-3B7D-4862-AB89-BB7C7D477FD6}.Debug|Any CPU.ActiveCfg = Debug|Any CPU
		{322AFDFC-3B7D-4862-AB89-BB7C7D477FD6}.Debug|Any CPU.Build.0 = Debug|Any CPU
		{322AFDFC-3B7D-4862-AB89-BB7C7D477FD6}.Release|Any CPU.ActiveCfg = Release|Any CPU
		{322AFDFC-3B7D-4862-AB89-BB7C7D477FD6}.Release|Any CPU.Build.0 = Release|Any CPU
		{95AE648A-F239-41D9-A93C-5FBA0C3048AF}.Debug|Any CPU.ActiveCfg = Debug|Any CPU
		{95AE648A-F239-41D9-A93C-5FBA0C3048AF}.Debug|Any CPU.Build.0 = Debug|Any CPU
		{95AE648A-F239-41D9-A93C-5FBA0C3048AF}.Release|Any CPU.ActiveCfg = Release|Any CPU
		{95AE648A-F239-41D9-A93C-5FBA0C3048AF}.Release|Any CPU.Build.0 = Release|Any CPU
		{EABC342D-5E54-43DB-A0EC-3060B6D285D3}.Debug|Any CPU.ActiveCfg = Debug|Any CPU
		{EABC342D-5E54-43DB-A0EC-3060B6D285D3}.Debug|Any CPU.Build.0 = Debug|Any CPU
		{EABC342D-5E54-43DB-A0EC-3060B6D285D3}.Release|Any CPU.ActiveCfg = Release|Any CPU
		{EABC342D-5E54-43DB-A0EC-3060B6D285D3}.Release|Any CPU.Build.0 = Release|Any CPU
		{F1BEB1A7-850E-4B63-BF93-24AF2B7FDBD7}.Debug|Any CPU.ActiveCfg = Debug|Any CPU
		{F1BEB1A7-850E-4B63-BF93-24AF2B7FDBD7}.Debug|Any CPU.Build.0 = Debug|Any CPU
		{F1BEB1A7-850E-4B63-BF93-24AF2B7FDBD7}.Release|Any CPU.ActiveCfg = Release|Any CPU
		{F1BEB1A7-850E-4B63-BF93-24AF2B7FDBD7}.Release|Any CPU.Build.0 = Release|Any CPU
		{09E98D05-B1BF-47BF-8253-C08BCB4C761E}.Debug|Any CPU.ActiveCfg = Debug|Any CPU
		{09E98D05-B1BF-47BF-8253-C08BCB4C761E}.Debug|Any CPU.Build.0 = Debug|Any CPU
		{09E98D05-B1BF-47BF-8253-C08BCB4C761E}.Release|Any CPU.ActiveCfg = Release|Any CPU
		{09E98D05-B1BF-47BF-8253-C08BCB4C761E}.Release|Any CPU.Build.0 = Release|Any CPU
		{C192D7C4-907E-429C-8621-0F69A59BCC78}.Debug|Any CPU.ActiveCfg = Debug|Any CPU
		{C192D7C4-907E-429C-8621-0F69A59BCC78}.Debug|Any CPU.Build.0 = Debug|Any CPU
		{C192D7C4-907E-429C-8621-0F69A59BCC78}.Release|Any CPU.ActiveCfg = Release|Any CPU
		{C192D7C4-907E-429C-8621-0F69A59BCC78}.Release|Any CPU.Build.0 = Release|Any CPU
	EndGlobalSection
	GlobalSection(SolutionProperties) = preSolution
		HideSolutionNode = FALSE
	EndGlobalSection
	GlobalSection(NestedProjects) = preSolution
		{76AE7BA4-B842-4F76-AEDB-3647465ADB99} = {02EA681E-C7D8-13C7-8484-4AC65E1B71E8}
		{D3745334-38FD-4932-A3E9-8861F581B7D9} = {02EA681E-C7D8-13C7-8484-4AC65E1B71E8}
		{BE8E6C88-4AD8-4F90-BDB9-41B0EB1D8324} = {02EA681E-C7D8-13C7-8484-4AC65E1B71E8}
		{8EBB9E29-0648-41C4-946E-F0032F9CA124} = {8CA07110-02EB-4871-B68D-4F6E7F2D45A3}
		{EBC1A5F8-117E-4658-829D-256F28957055} = {8CA07110-02EB-4871-B68D-4F6E7F2D45A3}
		{06264C9A-BD99-4380-839A-44D3223B5DD6} = {8CA07110-02EB-4871-B68D-4F6E7F2D45A3}
		{322AFDFC-3B7D-4862-AB89-BB7C7D477FD6} = {91C8716B-FA69-4A13-B84C-563D5A41FB41}
		{95AE648A-F239-41D9-A93C-5FBA0C3048AF} = {91C8716B-FA69-4A13-B84C-563D5A41FB41}
		{EABC342D-5E54-43DB-A0EC-3060B6D285D3} = {91C8716B-FA69-4A13-B84C-563D5A41FB41}
		{F1BEB1A7-850E-4B63-BF93-24AF2B7FDBD7} = {EAD51394-69D5-494A-8159-B85678E54D1F}
		{09E98D05-B1BF-47BF-8253-C08BCB4C761E} = {EAD51394-69D5-494A-8159-B85678E54D1F}
		{C192D7C4-907E-429C-8621-0F69A59BCC78} = {EAD51394-69D5-494A-8159-B85678E54D1F}
	EndGlobalSection
	GlobalSection(ExtensibilityGlobals) = postSolution
		SolutionGuid = {ADC14161-9035-4FDD-A4CA-E9214A60FD56}
	EndGlobalSection
EndGlobal
